# This file is autogenerated, do not edit; changes may be undone by the next 'dep ensure'.


[[projects]]
  branch = "master"
  digest = "1:c5342701827f6a73c7a0b749659bfe9affc9370426efe81d2acb46bbb7b183fa"
  name = "github.com/ajays20078/go-http-logger"
  packages = ["."]
  pruneopts = "UT"
  revision = "7aaf996127b82d0c2a66b5a254318cf488b3b8e2"

[[projects]]
  digest = "1:b20d8767957e40b9302a8caaee88caa698513fbd972509a54555302c3aebfa04"
  name = "github.com/miekg/dns"
  packages = ["."]
  pruneopts = "UT"
  revision = "7064f7248f5fa5fd79382a76328b4e200b79e4ae"
  version = "v1.0.15"

[[projects]]
  branch = "master"
  digest = "1:d5891c5bca9c62e5d394ca26491d2b710a1dc08cedeb0ca8f9ac4c3305120b02"
  name = "golang.org/x/crypto"
  packages = [
    "ed25519",
    "ed25519/internal/edwards25519",
  ]
  pruneopts = "UT"
  revision = "3d3f9f413869b949e48070b5bc593aa22cc2b8f2"

[[projects]]
  branch = "master"
  digest = "1:223e261c2e2506efad9737b5df18738e3dd0ad05b6d446ec8bcfa3576845183d"
  name = "golang.org/x/net"
  packages = [
    "bpf",
    "internal/iana",
    "internal/socket",
    "ipv4",
    "ipv6",
  ]
  pruneopts = "UT"
  revision = "adae6a3d119ae4890b46832a2e88a95adc62b8e7"

[[projects]]
  branch = "master"
  digest = "1:a62e80faf19c93dcbd7954a26fdb51acbfcb4b7161966adf1de531e593c4834a"
  name = "golang.org/x/sys"
  packages = ["unix"]
  pruneopts = "UT"
  revision = "93218def8b18e66adbdab3eca8ec334700329f1f"

[[projects]]
  branch = "v1"
  digest = "1:4384086c0f7f9e662c2ae8e900af35dc75ff262205b362597bb65af2fd8a21c9"
  name = "gopkg.in/yaml.v1"
  packages = ["."]
  pruneopts = "UT"
  revision = "9f9df34309c04878acc86042b16630b0f696e1de"

[solve-meta]
  analyzer-name = "dep"
  analyzer-version = 1
  input-imports = [
    "github.com/ajays20078/go-http-logger",
    "github.com/miekg/dns",
    "gopkg.in/yaml.v1",
  ]
  solver-name = "gps-cdcl"
  solver-version = 1
